
Microsoft Visual Studio Solution File, Format Version 12.00
# Visual Studio Version 16
VisualStudioVersion = 16.0.810.8
MinimumVisualStudioVersion = 10.0.40219.1
Project("{FAE04EC0-301F-11D3-BF4B-00C04F79EFBC}") = "RoutinePractice", "RoutinePractice\RoutinePractice.csproj", "{E046D26B-FEB7-4181-8933-79609AF71283}"
EndProject
Global
	GlobalSection(SolutionConfigurationPlatforms) = preSolution
		Debug|Any CPU = Debug|Any CPU
		Release|Any CPU = Release|Any CPU
	EndGlobalSection
	GlobalSection(ProjectConfigurationPlatforms) = postSolution
		{E046D26B-FEB7-4181-8933-79609AF71283}.Debug|Any CPU.ActiveCfg = Debug|Any CPU
		{E046D26B-FEB7-4181-8933-79609AF71283}.Debug|Any CPU.Build.0 = Debug|Any CPU
		{E046D26B-FEB7-4181-8933-79609AF71283}.Release|Any CPU.ActiveCfg = Release|Any CPU
		{E046D26B-FEB7-4181-8933-79609AF71283}.Release|Any CPU.Build.0 = Release|Any CPU
	EndGlobalSection
	GlobalSection(SolutionProperties) = preSolution
		HideSolutionNode = FALSE
	EndGlobalSection
	GlobalSection(ExtensibilityGlobals) = postSolution
		SolutionGuid = {0A00FCF9-8101-4336-9283-BDAB5B21EB64}
	EndGlobalSection
EndGlobal
